{
  "version": 4,
  "terraform_version": "1.12.2",
  "serial": 13,
  "lineage": "d1a19c38-48fd-06e7-0b2b-1998e4016e50",
  "outputs": {
    "key_vault_name": {
      "value": "tinman-poc-kv",
      "type": "string"
    },
    "resource_group_name": {
      "value": "tinman-poc-rg",
      "type": "string"
    }
  },
  "resources": [
    {
      "mode": "data",
      "type": "azurerm_client_config",
      "name": "current",
      "provider": "provider[\"registry.terraform.io/hashicorp/azurerm\"]",
      "instances": [
        {
          "schema_version": 0,
          "attributes": {
            "client_id": "04b07795-8ddb-461a-bbee-02f9e1bf7b46",
            "id": "Y2xpZW50Q29uZmlncy9jbGllbnRJZD0wNGIwNzc5NS04ZGRiLTQ2MWEtYmJlZS0wMmY5ZTFiZjdiNDY7b2JqZWN0SWQ9ZDhlMDI1M2QtNTk4Ni00NGRlLTk3YTQtNWI3NzNmMTc1YzU2O3N1YnNjcmlwdGlvbklkPTBiMWQyN2RhLTc1YTQtNDBiNi04ZTM4LTlmYTE3ZDRmN2RlYTt0ZW5hbnRJZD04MGM4ZmMxOC0xOGViLTRjZjItODliOC1lODgzNTVlYTQxOWU=",
            "object_id": "d8e0253d-5986-44de-97a4-5b773f175c56",
            "subscription_id": "0b1d27da-75a4-40b6-8e38-9fa17d4f7dea",
            "tenant_id": "80c8fc18-18eb-4cf2-89b8-e88355ea419e",
            "timeouts": null
          },
          "sensitive_attributes": [],
          "identity_schema_version": 0
        }
      ]
    },
    {
      "mode": "managed",
      "type": "azurerm_key_vault",
      "name": "main",
      "provider": "provider[\"registry.terraform.io/hashicorp/azurerm\"]",
      "instances": [
        {
          "schema_version": 2,
          "attributes": {
            "access_policy": [],
            "contact": [],
            "enable_rbac_authorization": false,
            "enabled_for_deployment": false,
            "enabled_for_disk_encryption": false,
            "enabled_for_template_deployment": false,
            "id": "/subscriptions/0b1d27da-75a4-40b6-8e38-9fa17d4f7dea/resourceGroups/tinman-poc-rg/providers/Microsoft.KeyVault/vaults/tinman-poc-kv",
            "location": "eastus",
            "name": "tinman-poc-kv",
            "network_acls": [
              {
                "bypass": "AzureServices",
                "default_action": "Allow",
                "ip_rules": [],
                "virtual_network_subnet_ids": []
              }
            ],
            "public_network_access_enabled": true,
            "purge_protection_enabled": false,
            "resource_group_name": "tinman-poc-rg",
            "sku_name": "standard",
            "soft_delete_retention_days": 90,
            "tags": {},
            "tenant_id": "80c8fc18-18eb-4cf2-89b8-e88355ea419e",
            "timeouts": null,
            "vault_uri": "https://tinman-poc-kv.vault.azure.net/"
          },
          "sensitive_attributes": [],
          "identity_schema_version": 0,
          "private": "eyJlMmJmYjczMC1lY2FhLTExZTYtOGY4OC0zNDM2M2JjN2M0YzAiOnsiY3JlYXRlIjoxODAwMDAwMDAwMDAwLCJkZWxldGUiOjE4MDAwMDAwMDAwMDAsInJlYWQiOjMwMDAwMDAwMDAwMCwidXBkYXRlIjoxODAwMDAwMDAwMDAwfSwic2NoZW1hX3ZlcnNpb24iOiIyIn0=",
          "dependencies": [
            "azurerm_resource_group.main",
            "data.azurerm_client_config.current"
          ]
        }
      ]
    },
    {
      "mode": "managed",
      "type": "azurerm_resource_group",
      "name": "main",
      "provider": "provider[\"registry.terraform.io/hashicorp/azurerm\"]",
      "instances": [
        {
          "schema_version": 0,
          "attributes": {
            "id": "/subscriptions/0b1d27da-75a4-40b6-8e38-9fa17d4f7dea/resourceGroups/tinman-poc-rg",
            "location": "eastus",
            "managed_by": "",
            "name": "tinman-poc-rg",
            "tags": {},
            "timeouts": null
          },
          "sensitive_attributes": [],
          "identity_schema_version": 0,
          "private": "eyJlMmJmYjczMC1lY2FhLTExZTYtOGY4OC0zNDM2M2JjN2M0YzAiOnsiY3JlYXRlIjo1NDAwMDAwMDAwMDAwLCJkZWxldGUiOjU0MDAwMDAwMDAwMDAsInJlYWQiOjMwMDAwMDAwMDAwMCwidXBkYXRlIjo1NDAwMDAwMDAwMDAwfX0="
        }
      ]
    }
  ],
  "check_results": null
}
